
Microsoft Visual Studio Solution File, Format Version 12.00
# Visual Studio Version 17
VisualStudioVersion = 17.14.36221.1 d17.14
MinimumVisualStudioVersion = 10.0.40219.1
Project("{FAE04EC0-301F-11D3-BF4B-00C04F79EFBC}") = "mssa_5.3.2", "mssa_5.3.2.csproj", "{2FEFD064-3CB2-43ED-A88D-9D05F41CA078}"
EndProject
Global
	GlobalSection(SolutionConfigurationPlatforms) = preSolution
		Debug|Any CPU = Debug|Any CPU
		Release|Any CPU = Release|Any CPU
	EndGlobalSection
	GlobalSection(ProjectConfigurationPlatforms) = postSolution
		{2FEFD064-3CB2-43ED-A88D-9D05F41CA078}.Debug|Any CPU.ActiveCfg = Debug|Any CPU
		{2FEFD064-3CB2-43ED-A88D-9D05F41CA078}.Debug|Any CPU.Build.0 = Debug|Any CPU
		{2FEFD064-3CB2-43ED-A88D-9D05F41CA078}.Release|Any CPU.ActiveCfg = Release|Any CPU
		{2FEFD064-3CB2-43ED-A88D-9D05F41CA078}.Release|Any CPU.Build.0 = Release|Any CPU
	EndGlobalSection
	GlobalSection(SolutionProperties) = preSolution
		HideSolutionNode = FALSE
	EndGlobalSection
	GlobalSection(ExtensibilityGlobals) = postSolution
		SolutionGuid = {45012C1D-3655-4425-8820-B9EA6EF0E2D8}
	EndGlobalSection
EndGlobal
